
Microsoft Visual Studio Solution File, Format Version 12.00
# Visual Studio 14
VisualStudioVersion = 14.0.24720.0
MinimumVisualStudioVersion = 10.0.40219.1
Project("{FAE04EC0-301F-11D3-BF4B-00C04F79EFBC}") = "WebWithApi", "WebWithApi\WebWithApi.csproj", "{228A23FD-75AB-4B9B-9986-B88F6CEF84CA}"
EndProject
Project("{FAE04EC0-301F-11D3-BF4B-00C04F79EFBC}") = "TimeKeeping.Data", "TimeKeeping.Data\TimeKeeping.Data.csproj", "{9C7C4A8F-E03C-4794-A060-E82F5400C3A1}"
EndProject
Global
	GlobalSection(SolutionConfigurationPlatforms) = preSolution
		Debug|Any CPU = Debug|Any CPU
		Release|Any CPU = Release|Any CPU
	EndGlobalSection
	GlobalSection(ProjectConfigurationPlatforms) = postSolution
		{228A23FD-75AB-4B9B-9986-B88F6CEF84CA}.Debug|Any CPU.ActiveCfg = Debug|Any CPU
		{228A23FD-75AB-4B9B-9986-B88F6CEF84CA}.Debug|Any CPU.Build.0 = Debug|Any CPU
		{228A23FD-75AB-4B9B-9986-B88F6CEF84CA}.Release|Any CPU.ActiveCfg = Release|Any CPU
		{228A23FD-75AB-4B9B-9986-B88F6CEF84CA}.Release|Any CPU.Build.0 = Release|Any CPU
		{9C7C4A8F-E03C-4794-A060-E82F5400C3A1}.Debug|Any CPU.ActiveCfg = Debug|Any CPU
		{9C7C4A8F-E03C-4794-A060-E82F5400C3A1}.Debug|Any CPU.Build.0 = Debug|Any CPU
		{9C7C4A8F-E03C-4794-A060-E82F5400C3A1}.Release|Any CPU.ActiveCfg = Release|Any CPU
		{9C7C4A8F-E03C-4794-A060-E82F5400C3A1}.Release|Any CPU.Build.0 = Release|Any CPU
	EndGlobalSection
	GlobalSection(SolutionProperties) = preSolution
		HideSolutionNode = FALSE
	EndGlobalSection
EndGlobal
